
Microsoft Visual Studio Solution File, Format Version 12.00
# Visual Studio Version 16
VisualStudioVersion = 16.0.29025.244
MinimumVisualStudioVersion = 15.0.26124.0
Project("{9A19103F-16F7-4668-BE54-9A1E7A4F7556}") = "Sakura.Api", "Sakura.Api\Sakura.Api.csproj", "{5ECC7E53-0D0E-4C9D-8342-E9124D93A4E1}"
EndProject
Project("{9A19103F-16F7-4668-BE54-9A1E7A4F7556}") = "Sakura.Persistence", "Sakura.Persistence\Sakura.Persistence.csproj", "{16C9FCC1-A051-44D8-BDEF-97B2872A86F6}"
EndProject
Project("{9A19103F-16F7-4668-BE54-9A1E7A4F7556}") = "Sakura.Model", "Sakura.Model\Sakura.Model.csproj", "{D04E7E7E-7B66-4D0D-9ECE-2771A11A1AD2}"
EndProject
Project("{9A19103F-16F7-4668-BE54-9A1E7A4F7556}") = "Sakura.App.Queries", "Sakura.App.Queries\Sakura.App.Queries.csproj", "{913F436E-105F-4BEB-8849-9C2C797181C6}"
EndProject
Project("{9A19103F-16F7-4668-BE54-9A1E7A4F7556}") = "Sakura.App.Tests", "Sakura.App.Tests\Sakura.App.Tests.csproj", "{CEAB08C3-F046-4E67-913E-CA18F0A0E8BB}"
EndProject
Project("{9A19103F-16F7-4668-BE54-9A1E7A4F7556}") = "Sakura.App.Commands", "Sakura.App.Commands\Sakura.App.Commands.csproj", "{513372F7-1F04-44AE-B49F-A43AEFF7AD9F}"
EndProject
Project("{2150E333-8FDC-42A3-9474-1A3956D46DE8}") = "ClientApp", "ClientApp", "{E4263710-F030-4B77-B564-4706E951D4FD}"
EndProject
Global
	GlobalSection(SolutionConfigurationPlatforms) = preSolution
		Debug|Any CPU = Debug|Any CPU
		Debug|x64 = Debug|x64
		Debug|x86 = Debug|x86
		Release|Any CPU = Release|Any CPU
		Release|x64 = Release|x64
		Release|x86 = Release|x86
	EndGlobalSection
	GlobalSection(ProjectConfigurationPlatforms) = postSolution
		{5ECC7E53-0D0E-4C9D-8342-E9124D93A4E1}.Debug|Any CPU.ActiveCfg = Debug|Any CPU
		{5ECC7E53-0D0E-4C9D-8342-E9124D93A4E1}.Debug|Any CPU.Build.0 = Debug|Any CPU
		{5ECC7E53-0D0E-4C9D-8342-E9124D93A4E1}.Debug|x64.ActiveCfg = Debug|Any CPU
		{5ECC7E53-0D0E-4C9D-8342-E9124D93A4E1}.Debug|x64.Build.0 = Debug|Any CPU
		{5ECC7E53-0D0E-4C9D-8342-E9124D93A4E1}.Debug|x86.ActiveCfg = Debug|Any CPU
		{5ECC7E53-0D0E-4C9D-8342-E9124D93A4E1}.Debug|x86.Build.0 = Debug|Any CPU
		{5ECC7E53-0D0E-4C9D-8342-E9124D93A4E1}.Release|Any CPU.ActiveCfg = Release|Any CPU
		{5ECC7E53-0D0E-4C9D-8342-E9124D93A4E1}.Release|Any CPU.Build.0 = Release|Any CPU
		{5ECC7E53-0D0E-4C9D-8342-E9124D93A4E1}.Release|x64.ActiveCfg = Release|Any CPU
		{5ECC7E53-0D0E-4C9D-8342-E9124D93A4E1}.Release|x64.Build.0 = Release|Any CPU
		{5ECC7E53-0D0E-4C9D-8342-E9124D93A4E1}.Release|x86.ActiveCfg = Release|Any CPU
		{5ECC7E53-0D0E-4C9D-8342-E9124D93A4E1}.Release|x86.Build.0 = Release|Any CPU
		{16C9FCC1-A051-44D8-BDEF-97B2872A86F6}.Debug|Any CPU.ActiveCfg = Debug|Any CPU
		{16C9FCC1-A051-44D8-BDEF-97B2872A86F6}.Debug|Any CPU.Build.0 = Debug|Any CPU
		{16C9FCC1-A051-44D8-BDEF-97B2872A86F6}.Debug|x64.ActiveCfg = Debug|Any CPU
		{16C9FCC1-A051-44D8-BDEF-97B2872A86F6}.Debug|x64.Build.0 = Debug|Any CPU
		{16C9FCC1-A051-44D8-BDEF-97B2872A86F6}.Debug|x86.ActiveCfg = Debug|Any CPU
		{16C9FCC1-A051-44D8-BDEF-97B2872A86F6}.Debug|x86.Build.0 = Debug|Any CPU
		{16C9FCC1-A051-44D8-BDEF-97B2872A86F6}.Release|Any CPU.ActiveCfg = Release|Any CPU
		{16C9FCC1-A051-44D8-BDEF-97B2872A86F6}.Release|Any CPU.Build.0 = Release|Any CPU
		{16C9FCC1-A051-44D8-BDEF-97B2872A86F6}.Release|x64.ActiveCfg = Release|Any CPU
		{16C9FCC1-A051-44D8-BDEF-97B2872A86F6}.Release|x64.Build.0 = Release|Any CPU
		{16C9FCC1-A051-44D8-BDEF-97B2872A86F6}.Release|x86.ActiveCfg = Release|Any CPU
		{16C9FCC1-A051-44D8-BDEF-97B2872A86F6}.Release|x86.Build.0 = Release|Any CPU
		{D04E7E7E-7B66-4D0D-9ECE-2771A11A1AD2}.Debug|Any CPU.ActiveCfg = Debug|Any CPU
		{D04E7E7E-7B66-4D0D-9ECE-2771A11A1AD2}.Debug|Any CPU.Build.0 = Debug|Any CPU
		{D04E7E7E-7B66-4D0D-9ECE-2771A11A1AD2}.Debug|x64.ActiveCfg = Debug|Any CPU
		{D04E7E7E-7B66-4D0D-9ECE-2771A11A1AD2}.Debug|x64.Build.0 = Debug|Any CPU
		{D04E7E7E-7B66-4D0D-9ECE-2771A11A1AD2}.Debug|x86.ActiveCfg = Debug|Any CPU
		{D04E7E7E-7B66-4D0D-9ECE-2771A11A1AD2}.Debug|x86.Build.0 = Debug|Any CPU
		{D04E7E7E-7B66-4D0D-9ECE-2771A11A1AD2}.Release|Any CPU.ActiveCfg = Release|Any CPU
		{D04E7E7E-7B66-4D0D-9ECE-2771A11A1AD2}.Release|Any CPU.Build.0 = Release|Any CPU
		{D04E7E7E-7B66-4D0D-9ECE-2771A11A1AD2}.Release|x64.ActiveCfg = Release|Any CPU
		{D04E7E7E-7B66-4D0D-9ECE-2771A11A1AD2}.Release|x64.Build.0 = Release|Any CPU
		{D04E7E7E-7B66-4D0D-9ECE-2771A11A1AD2}.Release|x86.ActiveCfg = Release|Any CPU
		{D04E7E7E-7B66-4D0D-9ECE-2771A11A1AD2}.Release|x86.Build.0 = Release|Any CPU
		{913F436E-105F-4BEB-8849-9C2C797181C6}.Debug|Any CPU.ActiveCfg = Debug|Any CPU
		{913F436E-105F-4BEB-8849-9C2C797181C6}.Debug|Any CPU.Build.0 = Debug|Any CPU
		{913F436E-105F-4BEB-8849-9C2C797181C6}.Debug|x64.ActiveCfg = Debug|Any CPU
		{913F436E-105F-4BEB-8849-9C2C797181C6}.Debug|x64.Build.0 = Debug|Any CPU
		{913F436E-105F-4BEB-8849-9C2C797181C6}.Debug|x86.ActiveCfg = Debug|Any CPU
		{913F436E-105F-4BEB-8849-9C2C797181C6}.Debug|x86.Build.0 = Debug|Any CPU
		{913F436E-105F-4BEB-8849-9C2C797181C6}.Release|Any CPU.ActiveCfg = Release|Any CPU
		{913F436E-105F-4BEB-8849-9C2C797181C6}.Release|Any CPU.Build.0 = Release|Any CPU
		{913F436E-105F-4BEB-8849-9C2C797181C6}.Release|x64.ActiveCfg = Release|Any CPU
		{913F436E-105F-4BEB-8849-9C2C797181C6}.Release|x64.Build.0 = Release|Any CPU
		{913F436E-105F-4BEB-8849-9C2C797181C6}.Release|x86.ActiveCfg = Release|Any CPU
		{913F436E-105F-4BEB-8849-9C2C797181C6}.Release|x86.Build.0 = Release|Any CPU
		{CEAB08C3-F046-4E67-913E-CA18F0A0E8BB}.Debug|Any CPU.ActiveCfg = Debug|Any CPU
		{CEAB08C3-F046-4E67-913E-CA18F0A0E8BB}.Debug|Any CPU.Build.0 = Debug|Any CPU
		{CEAB08C3-F046-4E67-913E-CA18F0A0E8BB}.Debug|x64.ActiveCfg = Debug|Any CPU
		{CEAB08C3-F046-4E67-913E-CA18F0A0E8BB}.Debug|x64.Build.0 = Debug|Any CPU
		{CEAB08C3-F046-4E67-913E-CA18F0A0E8BB}.Debug|x86.ActiveCfg = Debug|Any CPU
		{CEAB08C3-F046-4E67-913E-CA18F0A0E8BB}.Debug|x86.Build.0 = Debug|Any CPU
		{CEAB08C3-F046-4E67-913E-CA18F0A0E8BB}.Release|Any CPU.ActiveCfg = Release|Any CPU
		{CEAB08C3-F046-4E67-913E-CA18F0A0E8BB}.Release|Any CPU.Build.0 = Release|Any CPU
		{CEAB08C3-F046-4E67-913E-CA18F0A0E8BB}.Release|x64.ActiveCfg = Release|Any CPU
		{CEAB08C3-F046-4E67-913E-CA18F0A0E8BB}.Release|x64.Build.0 = Release|Any CPU
		{CEAB08C3-F046-4E67-913E-CA18F0A0E8BB}.Release|x86.ActiveCfg = Release|Any CPU
		{CEAB08C3-F046-4E67-913E-CA18F0A0E8BB}.Release|x86.Build.0 = Release|Any CPU
		{513372F7-1F04-44AE-B49F-A43AEFF7AD9F}.Debug|Any CPU.ActiveCfg = Debug|Any CPU
		{513372F7-1F04-44AE-B49F-A43AEFF7AD9F}.Debug|Any CPU.Build.0 = Debug|Any CPU
		{513372F7-1F04-44AE-B49F-A43AEFF7AD9F}.Debug|x64.ActiveCfg = Debug|Any CPU
		{513372F7-1F04-44AE-B49F-A43AEFF7AD9F}.Debug|x64.Build.0 = Debug|Any CPU
		{513372F7-1F04-44AE-B49F-A43AEFF7AD9F}.Debug|x86.ActiveCfg = Debug|Any CPU
		{513372F7-1F04-44AE-B49F-A43AEFF7AD9F}.Debug|x86.Build.0 = Debug|Any CPU
		{513372F7-1F04-44AE-B49F-A43AEFF7AD9F}.Release|Any CPU.ActiveCfg = Release|Any CPU
		{513372F7-1F04-44AE-B49F-A43AEFF7AD9F}.Release|Any CPU.Build.0 = Release|Any CPU
		{513372F7-1F04-44AE-B49F-A43AEFF7AD9F}.Release|x64.ActiveCfg = Release|Any CPU
		{513372F7-1F04-44AE-B49F-A43AEFF7AD9F}.Release|x64.Build.0 = Release|Any CPU
		{513372F7-1F04-44AE-B49F-A43AEFF7AD9F}.Release|x86.ActiveCfg = Release|Any CPU
		{513372F7-1F04-44AE-B49F-A43AEFF7AD9F}.Release|x86.Build.0 = Release|Any CPU
	EndGlobalSection
	GlobalSection(SolutionProperties) = preSolution
		HideSolutionNode = FALSE
	EndGlobalSection
	GlobalSection(ExtensibilityGlobals) = postSolution
		SolutionGuid = {955FCD5E-53E6-4F50-8F85-3A373454ADA3}
	EndGlobalSection
EndGlobal
